
Microsoft Visual Studio Solution File, Format Version 12.00
# Visual Studio Version 16
VisualStudioVersion = 16.0.30225.117
MinimumVisualStudioVersion = 10.0.40219.1
Project("{FAE04EC0-301F-11D3-BF4B-00C04F79EFBC}") = "SRMDataManager", "SRMDataManager\SRMDataManager.csproj", "{7781527B-7132-4BB7-8657-814806876BBD}"
EndProject
Project("{00D1A9C2-B5F0-4AF3-8072-F6C62B433612}") = "SRMData", "SRMData\SRMData.sqlproj", "{A222CD6A-CEAE-4D7C-9F22-55B1BEBFDB6D}"
EndProject
Project("{FAE04EC0-301F-11D3-BF4B-00C04F79EFBC}") = "SRMDesktopUI", "SRMDesktopUI\SRMDesktopUI.csproj", "{AB3D5598-DCFC-4133-8B71-146339292ADB}"
EndProject
Project("{FAE04EC0-301F-11D3-BF4B-00C04F79EFBC}") = "SRMDataManager.Library", "TRMDataManager.Library\SRMDataManager.Library.csproj", "{A0577B5B-5083-4F4B-A5E0-FB1675893A1A}"
EndProject
Project("{FAE04EC0-301F-11D3-BF4B-00C04F79EFBC}") = "SRMDesktopUI.Library", "SRMDesktopUI.Library\SRMDesktopUI.Library.csproj", "{97722080-7B35-4EA5-A749-0A481ACD37A1}"
EndProject
Project("{2150E333-8FDC-42A3-9474-1A3956D46DE8}") = "Database", "Database", "{CC5F11BB-5333-49F5-B15C-2D1943C69FC3}"
EndProject
Project("{2150E333-8FDC-42A3-9474-1A3956D46DE8}") = "Api", "Api", "{DCDB81D5-94E7-46B4-95C4-BEE560C7228C}"
EndProject
Project("{2150E333-8FDC-42A3-9474-1A3956D46DE8}") = "WPF", "WPF", "{32D55B43-01DC-4D63-901F-EE0102A8BEC0}"
EndProject
Project("{FAE04EC0-301F-11D3-BF4B-00C04F79EFBC}") = "SRMApi", "SRMApi\SRMApi.csproj", "{312E8E2E-84B5-41AB-895C-A27CACB43A7B}"
EndProject
Global
	GlobalSection(SolutionConfigurationPlatforms) = preSolution
		Debug|Any CPU = Debug|Any CPU
		Release|Any CPU = Release|Any CPU
	EndGlobalSection
	GlobalSection(ProjectConfigurationPlatforms) = postSolution
		{7781527B-7132-4BB7-8657-814806876BBD}.Debug|Any CPU.ActiveCfg = Debug|Any CPU
		{7781527B-7132-4BB7-8657-814806876BBD}.Debug|Any CPU.Build.0 = Debug|Any CPU
		{7781527B-7132-4BB7-8657-814806876BBD}.Release|Any CPU.ActiveCfg = Release|Any CPU
		{7781527B-7132-4BB7-8657-814806876BBD}.Release|Any CPU.Build.0 = Release|Any CPU
		{A222CD6A-CEAE-4D7C-9F22-55B1BEBFDB6D}.Debug|Any CPU.ActiveCfg = Debug|Any CPU
		{A222CD6A-CEAE-4D7C-9F22-55B1BEBFDB6D}.Debug|Any CPU.Build.0 = Debug|Any CPU
		{A222CD6A-CEAE-4D7C-9F22-55B1BEBFDB6D}.Debug|Any CPU.Deploy.0 = Debug|Any CPU
		{A222CD6A-CEAE-4D7C-9F22-55B1BEBFDB6D}.Release|Any CPU.ActiveCfg = Release|Any CPU
		{A222CD6A-CEAE-4D7C-9F22-55B1BEBFDB6D}.Release|Any CPU.Build.0 = Release|Any CPU
		{A222CD6A-CEAE-4D7C-9F22-55B1BEBFDB6D}.Release|Any CPU.Deploy.0 = Release|Any CPU
		{AB3D5598-DCFC-4133-8B71-146339292ADB}.Debug|Any CPU.ActiveCfg = Debug|Any CPU
		{AB3D5598-DCFC-4133-8B71-146339292ADB}.Debug|Any CPU.Build.0 = Debug|Any CPU
		{AB3D5598-DCFC-4133-8B71-146339292ADB}.Release|Any CPU.ActiveCfg = Release|Any CPU
		{AB3D5598-DCFC-4133-8B71-146339292ADB}.Release|Any CPU.Build.0 = Release|Any CPU
		{A0577B5B-5083-4F4B-A5E0-FB1675893A1A}.Debug|Any CPU.ActiveCfg = Debug|Any CPU
		{A0577B5B-5083-4F4B-A5E0-FB1675893A1A}.Debug|Any CPU.Build.0 = Debug|Any CPU
		{A0577B5B-5083-4F4B-A5E0-FB1675893A1A}.Release|Any CPU.ActiveCfg = Release|Any CPU
		{A0577B5B-5083-4F4B-A5E0-FB1675893A1A}.Release|Any CPU.Build.0 = Release|Any CPU
		{97722080-7B35-4EA5-A749-0A481ACD37A1}.Debug|Any CPU.ActiveCfg = Debug|Any CPU
		{97722080-7B35-4EA5-A749-0A481ACD37A1}.Debug|Any CPU.Build.0 = Debug|Any CPU
		{97722080-7B35-4EA5-A749-0A481ACD37A1}.Release|Any CPU.ActiveCfg = Release|Any CPU
		{97722080-7B35-4EA5-A749-0A481ACD37A1}.Release|Any CPU.Build.0 = Release|Any CPU
		{312E8E2E-84B5-41AB-895C-A27CACB43A7B}.Debug|Any CPU.ActiveCfg = Debug|Any CPU
		{312E8E2E-84B5-41AB-895C-A27CACB43A7B}.Debug|Any CPU.Build.0 = Debug|Any CPU
		{312E8E2E-84B5-41AB-895C-A27CACB43A7B}.Release|Any CPU.ActiveCfg = Release|Any CPU
		{312E8E2E-84B5-41AB-895C-A27CACB43A7B}.Release|Any CPU.Build.0 = Release|Any CPU
	EndGlobalSection
	GlobalSection(SolutionProperties) = preSolution
		HideSolutionNode = FALSE
	EndGlobalSection
	GlobalSection(NestedProjects) = preSolution
		{7781527B-7132-4BB7-8657-814806876BBD} = {DCDB81D5-94E7-46B4-95C4-BEE560C7228C}
		{A222CD6A-CEAE-4D7C-9F22-55B1BEBFDB6D} = {CC5F11BB-5333-49F5-B15C-2D1943C69FC3}
		{AB3D5598-DCFC-4133-8B71-146339292ADB} = {32D55B43-01DC-4D63-901F-EE0102A8BEC0}
		{A0577B5B-5083-4F4B-A5E0-FB1675893A1A} = {DCDB81D5-94E7-46B4-95C4-BEE560C7228C}
		{97722080-7B35-4EA5-A749-0A481ACD37A1} = {32D55B43-01DC-4D63-901F-EE0102A8BEC0}
		{312E8E2E-84B5-41AB-895C-A27CACB43A7B} = {DCDB81D5-94E7-46B4-95C4-BEE560C7228C}
	EndGlobalSection
	GlobalSection(ExtensibilityGlobals) = postSolution
		SolutionGuid = {931CA855-4B01-458A-BDF8-B34F1A994685}
	EndGlobalSection
EndGlobal
