
Microsoft Visual Studio Solution File, Format Version 12.00
# Visual Studio Version 16
VisualStudioVersion = 16.0.30225.117
MinimumVisualStudioVersion = 10.0.40219.1
Project("{FAE04EC0-301F-11D3-BF4B-00C04F79EFBC}") = "SRMDataManager", "SRMDataManager\SRMDataManager.csproj", "{7781527B-7132-4BB7-8657-814806876BBD}"
EndProject
Global
	GlobalSection(SolutionConfigurationPlatforms) = preSolution
		Debug|Any CPU = Debug|Any CPU
		Release|Any CPU = Release|Any CPU
	EndGlobalSection
	GlobalSection(ProjectConfigurationPlatforms) = postSolution
		{7781527B-7132-4BB7-8657-814806876BBD}.Debug|Any CPU.ActiveCfg = Debug|Any CPU
		{7781527B-7132-4BB7-8657-814806876BBD}.Debug|Any CPU.Build.0 = Debug|Any CPU
		{7781527B-7132-4BB7-8657-814806876BBD}.Release|Any CPU.ActiveCfg = Release|Any CPU
		{7781527B-7132-4BB7-8657-814806876BBD}.Release|Any CPU.Build.0 = Release|Any CPU
	EndGlobalSection
	GlobalSection(SolutionProperties) = preSolution
		HideSolutionNode = FALSE
	EndGlobalSection
	GlobalSection(ExtensibilityGlobals) = postSolution
		SolutionGuid = {931CA855-4B01-458A-BDF8-B34F1A994685}
	EndGlobalSection
EndGlobal
